
Microsoft Visual Studio Solution File, Format Version 12.00
# Visual Studio Version 17
VisualStudioVersion = 17.7.34003.232
MinimumVisualStudioVersion = 10.0.40219.1
Project("{FAE04EC0-301F-11D3-BF4B-00C04F79EFBC}") = "dbareas", "dbareas.csproj", "{2331D3B0-BA48-4292-A093-734D2C59AC65}"
EndProject
Global
	GlobalSection(SolutionConfigurationPlatforms) = preSolution
		Debug|Any CPU = Debug|Any CPU
		Release|Any CPU = Release|Any CPU
	EndGlobalSection
	GlobalSection(ProjectConfigurationPlatforms) = postSolution
		{2331D3B0-BA48-4292-A093-734D2C59AC65}.Debug|Any CPU.ActiveCfg = Debug|Any CPU
		{2331D3B0-BA48-4292-A093-734D2C59AC65}.Debug|Any CPU.Build.0 = Debug|Any CPU
		{2331D3B0-BA48-4292-A093-734D2C59AC65}.Release|Any CPU.ActiveCfg = Release|Any CPU
		{2331D3B0-BA48-4292-A093-734D2C59AC65}.Release|Any CPU.Build.0 = Release|Any CPU
	EndGlobalSection
	GlobalSection(SolutionProperties) = preSolution
		HideSolutionNode = FALSE
	EndGlobalSection
	GlobalSection(ExtensibilityGlobals) = postSolution
		SolutionGuid = {42413356-DB6D-4110-BD7D-4BA12164CBE5}
	EndGlobalSection
EndGlobal
